// !$*UTF8*$!
{
	archiveVersion = 1;
	classes = {
	};
	objectVersion = 46;
	objects = {

/* Begin PBXBuildFile section */
		182CA2A31D7C7C940054B586 /* AppDelegate.swift in Sources */ = {isa = PBXBuildFile; fileRef = 182CA2A21D7C7C940054B586 /* AppDelegate.swift */; };
		182CA2A51D7C7C940054B586 /* ViewController.swift in Sources */ = {isa = PBXBuildFile; fileRef = 182CA2A41D7C7C940054B586 /* ViewController.swift */; };
		182CA2A81D7C7C940054B586 /* Main.storyboard in Resources */ = {isa = PBXBuildFile; fileRef = 182CA2A61D7C7C940054B586 /* Main.storyboard */; };
		182CA2AA1D7C7C940054B586 /* Assets.xcassets in Resources */ = {isa = PBXBuildFile; fileRef = 182CA2A91D7C7C940054B586 /* Assets.xcassets */; };
		182CA2AD1D7C7C940054B586 /* LaunchScreen.storyboard in Resources */ = {isa = PBXBuildFile; fileRef = 182CA2AB1D7C7C940054B586 /* LaunchScreen.storyboard */; };
		182CA2B51D7C7D2D0054B586 /* Data.swift in Sources */ = {isa = PBXBuildFile; fileRef = 182CA2B41D7C7D2D0054B586 /* Data.swift */; };
/* End PBXBuildFile section */

/* Begin PBXFileReference section */
		182CA29F1D7C7C940054B586 /* Conversions.app */ = {isa = PBXFileReference; explicitFileType = wrapper.application; includeInIndex = 0; path = Conversions.app; sourceTree = BUILT_PRODUCTS_DIR; };
		182CA2A21D7C7C940054B586 /* AppDelegate.swift */ = {isa = PBXFileReference; lastKnownFileType = sourcecode.swift; path = AppDelegate.swift; sourceTree = "<group>"; };
		182CA2A41D7C7C940054B586 /* ViewController.swift */ = {isa = PBXFileReference; lastKnownFileType = sourcecode.swift; path = ViewController.swift; sourceTree = "<group>"; };
		182CA2A71D7C7C940054B586 /* Base */ = {isa = PBXFileReference; lastKnownFileType = file.storyboard; name = Base; path = Base.lproj/Main.storyboard; sourceTree = "<group>"; };
		182CA2A91D7C7C940054B586 /* Assets.xcassets */ = {isa = PBXFileReference; lastKnownFileType = folder.assetcatalog; path = Assets.xcassets; sourceTree = "<group>"; };
		182CA2AC1D7C7C940054B586 /* Base */ = {isa = PBXFileReference; lastKnownFileType = file.storyboard; name = Base; path = Base.lproj/LaunchScreen.storyboard; sourceTree = "<group>"; };
		182CA2AE1D7C7C940054B586 /* Info.plist */ = {isa = PBXFileReference; lastKnownFileType = text.plist.xml; path = Info.plist; sourceTree = "<group>"; };
		182CA2B41D7C7D2D0054B586 /* Data.swift */ = {isa = PBXFileReference; fileEncoding = 4; lastKnownFileType = sourcecode.swift; path = Data.swift; sourceTree = "<group>"; };
/* End PBXFileReference section */

/* Begin PBXFrameworksBuildPhase section */
		182CA29C1D7C7C940054B586 /* Frameworks */ = {
			isa = PBXFrameworksBuildPhase;
			buildActionMask = 2147483647;
			files = (
			);
			runOnlyForDeploymentPostprocessing = 0;
		};
/* End PBXFrameworksBuildPhase section */

/* Begin PBXGroup section */
		182CA2961D7C7C940054B586 = {
			isa = PBXGroup;
			children = (
				182CA2A11D7C7C940054B586 /* Conversions */,
				182CA2A01D7C7C940054B586 /* Products */,
			);
			sourceTree = "<group>";
		};
		182CA2A01D7C7C940054B586 /* Products */ = {
			isa = PBXGroup;
			children = (
				182CA29F1D7C7C940054B586 /* Conversions.app */,
			);
			name = Products;
			sourceTree = "<group>";
		};
		182CA2A11D7C7C940054B586 /* Conversions */ = {
			isa = PBXGroup;
			children = (
				182CA2A21D7C7C940054B586 /* AppDelegate.swift */,
				182CA2A41D7C7C940054B586 /* ViewController.swift */,
				182CA2A61D7C7C940054B586 /* Main.storyboard */,
				182CA2A91D7C7C940054B586 /* Assets.xcassets */,
				182CA2AB1D7C7C940054B586 /* LaunchScreen.storyboard */,
				182CA2AE1D7C7C940054B586 /* Info.plist */,
				182CA2B41D7C7D2D0054B586 /* Data.swift */,
			);
			path = Conversions;
			sourceTree = "<group>";
		};
/* End PBXGroup section */

/* Begin PBXNativeTarget section */
		182CA29E1D7C7C940054B586 /* Conversions */ = {
			isa = PBXNativeTarget;
			buildConfigurationList = 182CA2B11D7C7C940054B586 /* Build configuration list for PBXNativeTarget "Conversions" */;
			buildPhases = (
				182CA29B1D7C7C940054B586 /* Sources */,
				182CA29C1D7C7C940054B586 /* Frameworks */,
				182CA29D1D7C7C940054B586 /* Resources */,
			);
			buildRules = (
			);
			dependencies = (
			);
			name = Conversions;
			productName = Conversions;
			productReference = 182CA29F1D7C7C940054B586 /* Conversions.app */;
			productType = "com.apple.product-type.application";
		};
/* End PBXNativeTarget section */

/* Begin PBXProject section */
		182CA2971D7C7C940054B586 /* Project object */ = {
			isa = PBXProject;
			attributes = {
				LastSwiftUpdateCheck = 0730;
				LastUpgradeCheck = 0820;
				ORGANIZATIONNAME = "CIS195 Staff";
				TargetAttributes = {
					182CA29E1D7C7C940054B586 = {
						CreatedOnToolsVersion = 7.3;
						DevelopmentTeam = N4963EZCDT;
						LastSwiftMigration = 0820;
					};
				};
			};
			buildConfigurationList = 182CA29A1D7C7C940054B586 /* Build configuration list for PBXProject "Conversions" */;
			compatibilityVersion = "Xcode 3.2";
			developmentRegion = English;
			hasScannedForEncodings = 0;
			knownRegions = (
				en,
				Base,
			);
			mainGroup = 182CA2961D7C7C940054B586;
			productRefGroup = 182CA2A01D7C7C940054B586 /* Products */;
			projectDirPath = "";
			projectRoot = "";
			targets = (
				182CA29E1D7C7C940054B586 /* Conversions */,
			);
		};
/* End PBXProject section */

/* Begin PBXResourcesBuildPhase section */
		182CA29D1D7C7C940054B586 /* Resources */ = {
			isa = PBXResourcesBuildPhase;
			buildActionMask = 2147483647;
			files = (
				182CA2AD1D7C7C940054B586 /* LaunchScreen.storyboard in Resources */,
				182CA2AA1D7C7C940054B586 /* Assets.xcassets in Resources */,
				182CA2A81D7C7C940054B586 /* Main.storyboard in Resources */,
			);
			runOnlyForDeploymentPostprocessing = 0;
		};
/* End PBXResourcesBuildPhase section */

/* Begin PBXSourcesBuildPhase section */
		182CA29B1D7C7C940054B586 /* Sources */ = {
			isa = PBXSourcesBuildPhase;
			buildActionMask = 2147483647;
			files = (
				182CA2A51D7C7C940054B586 /* ViewController.swift in Sources */,
				182CA2B51D7C7D2D0054B586 /* Data.swift in Sources */,
				182CA2A31D7C7C940054B586 /* AppDelegate.swift in Sources */,
			);
			runOnlyForDeploymentPostprocessing = 0;
		};
/* End PBXSourcesBuildPhase section */

/* Begin PBXVariantGroup section */
		182CA2A61D7C7C940054B586 /* Main.storyboard */ = {
			isa = PBXVariantGroup;
			children = (
				182CA2A71D7C7C940054B586 /* Base */,
			);
			name = Main.storyboard;
			sourceTree = "<group>";
		};
		182CA2AB1D7C7C940054B586 /* LaunchScreen.storyboard */ = {
			isa = PBXVariantGroup;
			children = (
				182CA2AC1D7C7C940054B586 /* Base */,
			);
			name = LaunchScreen.storyboard;
			sourceTree = "<group>";
		};
/* End PBXVariantGroup section */

/* Begin XCBuildConfiguration section */
		182CA2AF1D7C7C940054B586 /* Debug */ = {
			isa = XCBuildConfiguration;
			buildSettings = {
				ALWAYS_SEARCH_USER_PATHS = NO;
				CLANG_ANALYZER_NONNULL = YES;
				CLANG_CXX_LANGUAGE_STANDARD = "gnu++0x";
				CLANG_CXX_LIBRARY = "libc++";
				CLANG_ENABLE_MODULES = YES;
				CLANG_ENABLE_OBJC_ARC = YES;
				CLANG_WARN_BOOL_CONVERSION = YES;
				CLANG_WARN_CONSTANT_CONVERSION = YES;
				CLANG_WARN_DIRECT_OBJC_ISA_USAGE = YES_ERROR;
				CLANG_WARN_EMPTY_BODY = YES;
				CLANG_WARN_ENUM_CONVERSION = YES;
				CLANG_WARN_INFINITE_RECURSION = YES;
				CLANG_WARN_INT_CONVERSION = YES;
				CLANG_WARN_OBJC_ROOT_CLASS = YES_ERROR;
				CLANG_WARN_SUSPICIOUS_MOVE = YES;
				CLANG_WARN_UNREACHABLE_CODE = YES;
				CLANG_WARN__DUPLICATE_METHOD_MATCH = YES;
				"CODE_SIGN_IDENTITY[sdk=iphoneos*]" = "iPhone Developer";
				COPY_PHASE_STRIP = NO;
				DEBUG_INFORMATION_FORMAT = dwarf;
				ENABLE_STRICT_OBJC_MSGSEND = YES;
				ENABLE_TESTABILITY = YES;
				GCC_C_LANGUAGE_STANDARD = gnu99;
				GCC_DYNAMIC_NO_PIC = NO;
				GCC_NO_COMMON_BLOCKS = YES;
				GCC_OPTIMIZATION_LEVEL = 0;
				GCC_PREPROCESSOR_DEFINITIONS = (
					"DEBUG=1",
					"$(inherited)",
				);
				GCC_WARN_64_TO_32_BIT_CONVERSION = YES;
				GCC_WARN_ABOUT_RETURN_TYPE = YES_ERROR;
				GCC_WARN_UNDECLARED_SELECTOR = YES;
				GCC_WARN_UNINITIALIZED_AUTOS = YES_AGGRESSIVE;
				GCC_WARN_UNUSED_FUNCTION = YES;
				GCC_WARN_UNUSED_VARIABLE = YES;
				IPHONEOS_DEPLOYMENT_TARGET = 9.3;
				MTL_ENABLE_DEBUG_INFO = YES;
				ONLY_ACTIVE_ARCH = YES;
				SDKROOT = iphoneos;
				SWIFT_OPTIMIZATION_LEVEL = "-Onone";
			};
			name = Debug;
		};
		182CA2B01D7C7C940054B586 /* Release */ = {
			isa = XCBuildConfiguration;
			buildSettings = {
				ALWAYS_SEARCH_USER_PATHS = NO;
				CLANG_ANALYZER_NONNULL = YES;
				CLANG_CXX_LANGUAGE_STANDARD = "gnu++0x";
				CLANG_CXX_LIBRARY = "libc++";
				CLANG_ENABLE_MODULES = YES;
				CLANG_ENABLE_OBJC_ARC = YES;
				CLANG_WARN_BOOL_CONVERSION = YES;
				CLANG_WARN_CONSTANT_CONVERSION = YES;
				CLANG_WARN_DIRECT_OBJC_ISA_USAGE = YES_ERROR;
				CLANG_WARN_EMPTY_BODY = YES;
				CLANG_WARN_ENUM_CONVERSION = YES;
				CLANG_WARN_INFINITE_RECURSION = YES;
				CLANG_WARN_INT_CONVERSION = YES;
				CLANG_WARN_OBJC_ROOT_CLASS = YES_ERROR;
				CLANG_WARN_SUSPICIOUS_MOVE = YES;
				CLANG_WARN_UNREACHABLE_CODE = YES;
				CLANG_WARN__DUPLICATE_METHOD_MATCH = YES;
				"CODE_SIGN_IDENTITY[sdk=iphoneos*]" = "iPhone Developer";
				COPY_PHASE_STRIP = NO;
				DEBUG_INFORMATION_FORMAT = "dwarf-with-dsym";
				ENABLE_NS_ASSERTIONS = NO;
				ENABLE_STRICT_OBJC_MSGSEND = YES;
				GCC_C_LANGUAGE_STANDARD = gnu99;
				GCC_NO_COMMON_BLOCKS = YES;
				GCC_WARN_64_TO_32_BIT_CONVERSION = YES;
				GCC_WARN_ABOUT_RETURN_TYPE = YES_ERROR;
				GCC_WARN_UNDECLARED_SELECTOR = YES;
				GCC_WARN_UNINITIALIZED_AUTOS = YES_AGGRESSIVE;
				GCC_WARN_UNUSED_FUNCTION = YES;
				GCC_WARN_UNUSED_VARIABLE = YES;
				IPHONEOS_DEPLOYMENT_TARGET = 9.3;
				MTL_ENABLE_DEBUG_INFO = NO;
				SDKROOT = iphoneos;
				SWIFT_OPTIMIZATION_LEVEL = "-Owholemodule";
				VALIDATE_PRODUCT = YES;
			};
			name = Release;
		};
		182CA2B21D7C7C940054B586 /* Debug */ = {
			isa = XCBuildConfiguration;
			buildSettings = {
				ASSETCATALOG_COMPILER_APPICON_NAME = AppIcon;
				DEVELOPMENT_TEAM = N4963EZCDT;
				INFOPLIST_FILE = Conversions/Info.plist;
				LD_RUNPATH_SEARCH_PATHS = "$(inherited) @executable_path/Frameworks";
				PRODUCT_BUNDLE_IDENTIFIER = com.Conversions;
				PRODUCT_NAME = "$(TARGET_NAME)";
				SWIFT_VERSION = 3.0;
			};
			name = Debug;
		};
		182CA2B31D7C7C940054B586 /* Release */ = {
			isa = XCBuildConfiguration;
			buildSettings = {
				ASSETCATALOG_COMPILER_APPICON_NAME = AppIcon;
				DEVELOPMENT_TEAM = N4963EZCDT;
				INFOPLIST_FILE = Conversions/Info.plist;
				LD_RUNPATH_SEARCH_PATHS = "$(inherited) @executable_path/Frameworks";
				PRODUCT_BUNDLE_IDENTIFIER = com.Conversions;
				PRODUCT_NAME = "$(TARGET_NAME)";
				SWIFT_VERSION = 3.0;
			};
			name = Release;
		};
/* End XCBuildConfiguration section */

/* Begin XCConfigurationList section */
		182CA29A1D7C7C940054B586 /* Build configuration list for PBXProject "Conversions" */ = {
			isa = XCConfigurationList;
			buildConfigurations = (
				182CA2AF1D7C7C940054B586 /* Debug */,
				182CA2B01D7C7C940054B586 /* Release */,
			);
			defaultConfigurationIsVisible = 0;
			defaultConfigurationName = Release;
		};
		182CA2B11D7C7C940054B586 /* Build configuration list for PBXNativeTarget "Conversions" */ = {
			isa = XCConfigurationList;
			buildConfigurations = (
				182CA2B21D7C7C940054B586 /* Debug */,
				182CA2B31D7C7C940054B586 /* Release */,
			);
			defaultConfigurationIsVisible = 0;
			defaultConfigurationName = Release;
		};
/* End XCConfigurationList section */
	};
	rootObject = 182CA2971D7C7C940054B586 /* Project object */;
}
